[[package]]
name = "appdirs"
version = "1.4.4"
description = "A small Python module for determining appropriate platform-specific dirs, e.g. a \"user data dir\"."
category = "main"
optional = false
python-versions = "*"

[[package]]
name = "atomicwrites"
version = "1.4.0"
description = "Atomic file writes."
category = "dev"
optional = false
python-versions = ">=2.7, !=3.0.*, !=3.1.*, !=3.2.*, !=3.3.*"

[[package]]
name = "attrs"
version = "21.4.0"
description = "Classes Without Boilerplate"
category = "dev"
optional = false
python-versions = ">=2.7, !=3.0.*, !=3.1.*, !=3.2.*, !=3.3.*, !=3.4.*"

[package.extras]
dev = ["coverage[toml] (>=5.0.2)", "hypothesis", "pympler", "pytest (>=4.3.0)", "six", "mypy", "pytest-mypy-plugins", "zope.interface", "furo", "sphinx", "sphinx-notfound-page", "pre-commit", "cloudpickle"]
docs = ["furo", "sphinx", "zope.interface", "sphinx-notfound-page"]
tests = ["coverage[toml] (>=5.0.2)", "hypothesis", "pympler", "pytest (>=4.3.0)", "six", "mypy", "pytest-mypy-plugins", "zope.interface", "cloudpickle"]
tests_no_zope = ["coverage[toml] (>=5.0.2)", "hypothesis", "pympler", "pytest (>=4.3.0)", "six", "mypy", "pytest-mypy-plugins", "cloudpickle"]

[[package]]
name = "blinker"
version = "1.4"
description = "Fast, simple object-to-object and broadcast signaling"
category = "main"
optional = false
python-versions = "*"

[[package]]
name = "click"
version = "8.0.4"
description = "Composable command line interface toolkit"
category = "main"
optional = false
python-versions = ">=3.6"

[package.dependencies]
colorama = {version = "*", markers = "platform_system == \"Windows\""}

[[package]]
name = "colorama"
version = "0.4.4"
description = "Cross-platform colored terminal text."
category = "main"
optional = false
python-versions = ">=2.7, !=3.0.*, !=3.1.*, !=3.2.*, !=3.3.*, !=3.4.*"

[[package]]
name = "greenlet"
version = "1.1.2"
description = "Lightweight in-process concurrent programming"
category = "main"
optional = false
python-versions = ">=2.7,!=3.0.*,!=3.1.*,!=3.2.*,!=3.3.*,!=3.4.*"

[package.extras]
docs = ["sphinx"]

[[package]]
name = "loguru"
version = "0.6.0"
description = "Python logging made (stupidly) simple"
category = "main"
optional = false
python-versions = ">=3.5"

[package.dependencies]
colorama = {version = ">=0.3.4", markers = "sys_platform == \"win32\""}
win32-setctime = {version = ">=1.0.0", markers = "sys_platform == \"win32\""}

[package.extras]
dev = ["colorama (>=0.3.4)", "docutils (==0.16)", "flake8 (>=3.7.7)", "tox (>=3.9.0)", "pytest (>=4.6.2)", "pytest-cov (>=2.7.1)", "black (>=19.10b0)", "isort (>=5.1.1)", "Sphinx (>=4.1.1)", "sphinx-autobuild (>=0.7.1)", "sphinx-rtd-theme (>=0.4.3)"]

[[package]]
name = "more-itertools"
version = "8.12.0"
description = "More routines for operating on iterables, beyond itertools"
category = "dev"
optional = false
python-versions = ">=3.5"

[[package]]
name = "msgpack"
version = "1.0.3"
description = "MessagePack (de)serializer."
category = "main"
optional = false
python-versions = "*"

[[package]]
name = "packaging"
version = "21.3"
description = "Core utilities for Python packages"
category = "dev"
optional = false
python-versions = ">=3.6"

[package.dependencies]
pyparsing = ">=2.0.2,<3.0.5 || >3.0.5"

[[package]]
name = "persist-queue"
version = "0.7.0"
description = "A thread-safe disk based persistent queue in Python."
category = "main"
optional = false
python-versions = "*"

[package.dependencies]
msgpack = {version = ">=0.5.6", optional = true, markers = "extra == \"extra\""}

[package.extras]
extra = ["msgpack (>=0.5.6)"]

[[package]]
name = "playwright"
version = "1.20.1"
description = "A high-level API to automate web browsers"
category = "main"
optional = false
python-versions = ">=3.7"

[package.dependencies]
greenlet = "1.1.2"
pyee = "8.1.0"
websockets = "10.1"

[[package]]
name = "pluggy"
version = "0.13.1"
description = "plugin and hook calling mechanisms for python"
category = "dev"
optional = false
python-versions = ">=2.7, !=3.0.*, !=3.1.*, !=3.2.*, !=3.3.*"

[package.extras]
dev = ["pre-commit", "tox"]

[[package]]
name = "py"
version = "1.11.0"
description = "library with cross-python path, ini-parsing, io, code, log facilities"
category = "dev"
optional = false
python-versions = ">=2.7, !=3.0.*, !=3.1.*, !=3.2.*, !=3.3.*, !=3.4.*"

[[package]]
name = "pyee"
version = "8.1.0"
description = "A port of node.js's EventEmitter to python."
category = "main"
optional = false
python-versions = "*"

[[package]]
name = "pyparsing"
version = "3.0.7"
description = "Python parsing module"
category = "dev"
optional = false
python-versions = ">=3.6"

[package.extras]
diagrams = ["jinja2", "railroad-diagrams"]

[[package]]
name = "pytest"
version = "5.4.3"
description = "pytest: simple powerful testing with Python"
category = "dev"
optional = false
python-versions = ">=3.5"

[package.dependencies]
atomicwrites = {version = ">=1.0", markers = "sys_platform == \"win32\""}
attrs = ">=17.4.0"
colorama = {version = "*", markers = "sys_platform == \"win32\""}
more-itertools = ">=4.0.0"
packaging = "*"
pluggy = ">=0.12,<1.0"
py = ">=1.5.0"
wcwidth = "*"

[package.extras]
checkqa-mypy = ["mypy (==v0.761)"]
testing = ["argcomplete", "hypothesis (>=3.56)", "mock", "nose", "requests", "xmlschema"]

[[package]]
name = "shortuuid"
version = "1.0.8"
description = "A generator library for concise, unambiguous and URL-safe UUIDs."
category = "main"
optional = false
python-versions = ">=3.5"

[[package]]
name = "typer"
version = "0.4.0"
description = "Typer, build great CLIs. Easy to code. Based on Python type hints."
category = "main"
optional = false
python-versions = ">=3.6"

[package.dependencies]
click = ">=7.1.1,<9.0.0"

[package.extras]
all = ["colorama (>=0.4.3,<0.5.0)", "shellingham (>=1.3.0,<2.0.0)"]
dev = ["autoflake (>=1.3.1,<2.0.0)", "flake8 (>=3.8.3,<4.0.0)"]
doc = ["mkdocs (>=1.1.2,<2.0.0)", "mkdocs-material (>=5.4.0,<6.0.0)", "markdown-include (>=0.5.1,<0.6.0)"]
test = ["shellingham (>=1.3.0,<2.0.0)", "pytest (>=4.4.0,<5.4.0)", "pytest-cov (>=2.10.0,<3.0.0)", "coverage (>=5.2,<6.0)", "pytest-xdist (>=1.32.0,<2.0.0)", "pytest-sugar (>=0.9.4,<0.10.0)", "mypy (==0.910)", "black (>=19.10b0,<20.0b0)", "isort (>=5.0.6,<6.0.0)"]

[[package]]
name = "wcwidth"
version = "0.2.5"
description = "Measures the displayed width of unicode strings in a terminal"
category = "dev"
optional = false
python-versions = "*"

[[package]]
name = "websockets"
version = "10.1"
description = "An implementation of the WebSocket Protocol (RFC 6455 & 7692)"
category = "main"
optional = false
python-versions = ">=3.7"

[[package]]
name = "win32-setctime"
version = "1.1.0"
description = "A small Python utility to set file creation time on Windows"
category = "main"
optional = false
python-versions = ">=3.5"

[package.extras]
dev = ["pytest (>=4.6.2)", "black (>=19.3b0)"]

[metadata]
lock-version = "1.1"
python-versions = "^3.10"
content-hash = "d5d936a1ebfd877330332ddaa79055912c142943b8ee59075b643e5593ea0f77"

[metadata.files]
appdirs = [
    {file = "appdirs-1.4.4-py2.py3-none-any.whl", hash = "sha256:a841dacd6b99318a741b166adb07e19ee71a274450e68237b4650ca1055ab128"},
    {file = "appdirs-1.4.4.tar.gz", hash = "sha256:7d5d0167b2b1ba821647616af46a749d1c653740dd0d2415100fe26e27afdf41"},
]
atomicwrites = [
    {file = "atomicwrites-1.4.0-py2.py3-none-any.whl", hash = "sha256:6d1784dea7c0c8d4a5172b6c620f40b6e4cbfdf96d783691f2e1302a7b88e197"},
    {file = "atomicwrites-1.4.0.tar.gz", hash = "sha256:ae70396ad1a434f9c7046fd2dd196fc04b12f9e91ffb859164193be8b6168a7a"},
]
attrs = [
    {file = "attrs-21.4.0-py2.py3-none-any.whl", hash = "sha256:2d27e3784d7a565d36ab851fe94887c5eccd6a463168875832a1be79c82828b4"},
    {file = "attrs-21.4.0.tar.gz", hash = "sha256:626ba8234211db98e869df76230a137c4c40a12d72445c45d5f5b716f076e2fd"},
]
blinker = [
    {file = "blinker-1.4.tar.gz", hash = "sha256:471aee25f3992bd325afa3772f1063dbdbbca947a041b8b89466dc00d606f8b6"},
]
click = [
    {file = "click-8.0.4-py3-none-any.whl", hash = "sha256:6a7a62563bbfabfda3a38f3023a1db4a35978c0abd76f6c9605ecd6554d6d9b1"},
    {file = "click-8.0.4.tar.gz", hash = "sha256:8458d7b1287c5fb128c90e23381cf99dcde74beaf6c7ff6384ce84d6fe090adb"},
]
colorama = [
    {file = "colorama-0.4.4-py2.py3-none-any.whl", hash = "sha256:9f47eda37229f68eee03b24b9748937c7dc3868f906e8ba69fbcbdd3bc5dc3e2"},
    {file = "colorama-0.4.4.tar.gz", hash = "sha256:5941b2b48a20143d2267e95b1c2a7603ce057ee39fd88e7329b0c292aa16869b"},
]
greenlet = [
    {file = "greenlet-1.1.2-cp27-cp27m-macosx_10_14_x86_64.whl", hash = "sha256:58df5c2a0e293bf665a51f8a100d3e9956febfbf1d9aaf8c0677cf70218910c6"},
    {file = "greenlet-1.1.2-cp27-cp27m-manylinux1_x86_64.whl", hash = "sha256:aec52725173bd3a7b56fe91bc56eccb26fbdff1386ef123abb63c84c5b43b63a"},
    {file = "greenlet-1.1.2-cp27-cp27m-manylinux2010_x86_64.whl", hash = "sha256:833e1551925ed51e6b44c800e71e77dacd7e49181fdc9ac9a0bf3714d515785d"},
    {file = "greenlet-1.1.2-cp27-cp27m-win32.whl", hash = "sha256:aa5b467f15e78b82257319aebc78dd2915e4c1436c3c0d1ad6f53e47ba6e2713"},
    {file = "greenlet-1.1.2-cp27-cp27m-win_amd64.whl", hash = "sha256:40b951f601af999a8bf2ce8c71e8aaa4e8c6f78ff8afae7b808aae2dc50d4c40"},
    {file = "greenlet-1.1.2-cp27-cp27mu-manylinux1_x86_64.whl", hash = "sha256:95e69877983ea39b7303570fa6760f81a3eec23d0e3ab2021b7144b94d06202d"},
    {file = "greenlet-1.1.2-cp27-cp27mu-manylinux2010_x86_64.whl", hash = "sha256:356b3576ad078c89a6107caa9c50cc14e98e3a6c4874a37c3e0273e4baf33de8"},
    {file = "greenlet-1.1.2-cp310-cp310-macosx_10_14_x86_64.whl", hash = "sha256:8639cadfda96737427330a094476d4c7a56ac03de7265622fcf4cfe57c8ae18d"},
    {file = "greenlet-1.1.2-cp310-cp310-manylinux_2_17_aarch64.manylinux2014_aarch64.whl", hash = "sha256:97e5306482182170ade15c4b0d8386ded995a07d7cc2ca8f27958d34d6736497"},
    {file = "greenlet-1.1.2-cp310-cp310-manylinux_2_17_ppc64le.manylinux2014_ppc64le.whl", hash = "sha256:e6a36bb9474218c7a5b27ae476035497a6990e21d04c279884eb10d9b290f1b1"},
    {file = "greenlet-1.1.2-cp310-cp310-manylinux_2_17_x86_64.manylinux2014_x86_64.whl", hash = "sha256:abb7a75ed8b968f3061327c433a0fbd17b729947b400747c334a9c29a9af6c58"},
    {file = "greenlet-1.1.2-cp310-cp310-musllinux_1_1_x86_64.whl", hash = "sha256:b336501a05e13b616ef81ce329c0e09ac5ed8c732d9ba7e3e983fcc1a9e86965"},
    {file = "greenlet-1.1.2-cp310-cp310-win_amd64.whl", hash = "sha256:14d4f3cd4e8b524ae9b8aa567858beed70c392fdec26dbdb0a8a418392e71708"},
    {file = "greenlet-1.1.2-cp35-cp35m-macosx_10_14_x86_64.whl", hash = "sha256:17ff94e7a83aa8671a25bf5b59326ec26da379ace2ebc4411d690d80a7fbcf23"},
    {file = "greenlet-1.1.2-cp35-cp35m-manylinux1_x86_64.whl", hash = "sha256:9f3cba480d3deb69f6ee2c1825060177a22c7826431458c697df88e6aeb3caee"},
    {file = "greenlet-1.1.2-cp35-cp35m-manylinux2010_x86_64.whl", hash = "sha256:fa877ca7f6b48054f847b61d6fa7bed5cebb663ebc55e018fda12db09dcc664c"},
    {file = "greenlet-1.1.2-cp35-cp35m-win32.whl", hash = "sha256:7cbd7574ce8e138bda9df4efc6bf2ab8572c9aff640d8ecfece1b006b68da963"},
    {file = "greenlet-1.1.2-cp35-cp35m-win_amd64.whl", hash = "sha256:903bbd302a2378f984aef528f76d4c9b1748f318fe1294961c072bdc7f2ffa3e"},
    {file = "greenlet-1.1.2-cp36-cp36m-macosx_10_14_x86_64.whl", hash = "sha256:049fe7579230e44daef03a259faa24511d10ebfa44f69411d99e6a184fe68073"},
    {file = "greenlet-1.1.2-cp36-cp36m-manylinux1_x86_64.whl", hash = "sha256:dd0b1e9e891f69e7675ba5c92e28b90eaa045f6ab134ffe70b52e948aa175b3c"},
    {file = "greenlet-1.1.2-cp36-cp36m-manylinux2010_x86_64.whl", hash = "sha256:7418b6bfc7fe3331541b84bb2141c9baf1ec7132a7ecd9f375912eca810e714e"},
    {file = "greenlet-1.1.2-cp36-cp36m-manylinux_2_17_aarch64.manylinux2014_aarch64.whl", hash = "sha256:f9d29ca8a77117315101425ec7ec2a47a22ccf59f5593378fc4077ac5b754fce"},
    {file = "greenlet-1.1.2-cp36-cp36m-manylinux_2_17_ppc64le.manylinux2014_ppc64le.whl", hash = "sha256:21915eb821a6b3d9d8eefdaf57d6c345b970ad722f856cd71739493ce003ad08"},
    {file = "greenlet-1.1.2-cp36-cp36m-manylinux_2_17_x86_64.manylinux2014_x86_64.whl", hash = "sha256:eff9d20417ff9dcb0d25e2defc2574d10b491bf2e693b4e491914738b7908168"},
    {file = "greenlet-1.1.2-cp36-cp36m-musllinux_1_1_x86_64.whl", hash = "sha256:b8c008de9d0daba7b6666aa5bbfdc23dcd78cafc33997c9b7741ff6353bafb7f"},
    {file = "greenlet-1.1.2-cp36-cp36m-win32.whl", hash = "sha256:32ca72bbc673adbcfecb935bb3fb1b74e663d10a4b241aaa2f5a75fe1d1f90aa"},
    {file = "greenlet-1.1.2-cp36-cp36m-win_amd64.whl", hash = "sha256:f0214eb2a23b85528310dad848ad2ac58e735612929c8072f6093f3585fd342d"},
    {file = "greenlet-1.1.2-cp37-cp37m-macosx_10_14_x86_64.whl", hash = "sha256:b92e29e58bef6d9cfd340c72b04d74c4b4e9f70c9fa7c78b674d1fec18896dc4"},
    {file = "greenlet-1.1.2-cp37-cp37m-manylinux1_x86_64.whl", hash = "sha256:fdcec0b8399108577ec290f55551d926d9a1fa6cad45882093a7a07ac5ec147b"},
    {file = "greenlet-1.1.2-cp37-cp37m-manylinux2010_x86_64.whl", hash = "sha256:93f81b134a165cc17123626ab8da2e30c0455441d4ab5576eed73a64c025b25c"},
    {file = "greenlet-1.1.2-cp37-cp37m-manylinux_2_17_aarch64.manylinux2014_aarch64.whl", hash = "sha256:1e12bdc622676ce47ae9abbf455c189e442afdde8818d9da983085df6312e7a1"},
    {file = "greenlet-1.1.2-cp37-cp37m-manylinux_2_17_ppc64le.manylinux2014_ppc64le.whl", hash = "sha256:8c790abda465726cfb8bb08bd4ca9a5d0a7bd77c7ac1ca1b839ad823b948ea28"},
    {file = "greenlet-1.1.2-cp37-cp37m-manylinux_2_17_x86_64.manylinux2014_x86_64.whl", hash = "sha256:f276df9830dba7a333544bd41070e8175762a7ac20350786b322b714b0e654f5"},
    {file = "greenlet-1.1.2-cp37-cp37m-musllinux_1_1_x86_64.whl", hash = "sha256:8c5d5b35f789a030ebb95bff352f1d27a93d81069f2adb3182d99882e095cefe"},
    {file = "greenlet-1.1.2-cp37-cp37m-win32.whl", hash = "sha256:64e6175c2e53195278d7388c454e0b30997573f3f4bd63697f88d855f7a6a1fc"},
    {file = "greenlet-1.1.2-cp37-cp37m-win_amd64.whl", hash = "sha256:b11548073a2213d950c3f671aa88e6f83cda6e2fb97a8b6317b1b5b33d850e06"},
    {file = "greenlet-1.1.2-cp38-cp38-macosx_10_14_x86_64.whl", hash = "sha256:9633b3034d3d901f0a46b7939f8c4d64427dfba6bbc5a36b1a67364cf148a1b0"},
    {file = "greenlet-1.1.2-cp38-cp38-manylinux1_x86_64.whl", hash = "sha256:eb6ea6da4c787111adf40f697b4e58732ee0942b5d3bd8f435277643329ba627"},
    {file = "greenlet-1.1.2-cp38-cp38-manylinux2010_x86_64.whl", hash = "sha256:f3acda1924472472ddd60c29e5b9db0cec629fbe3c5c5accb74d6d6d14773478"},
    {file = "greenlet-1.1.2-cp38-cp38-manylinux_2_17_aarch64.manylinux2014_aarch64.whl", hash = "sha256:e859fcb4cbe93504ea18008d1df98dee4f7766db66c435e4882ab35cf70cac43"},
    {file = "greenlet-1.1.2-cp38-cp38-manylinux_2_17_ppc64le.manylinux2014_ppc64le.whl", hash = "sha256:00e44c8afdbe5467e4f7b5851be223be68adb4272f44696ee71fe46b7036a711"},
    {file = "greenlet-1.1.2-cp38-cp38-manylinux_2_17_x86_64.manylinux2014_x86_64.whl", hash = "sha256:ec8c433b3ab0419100bd45b47c9c8551248a5aee30ca5e9d399a0b57ac04651b"},
    {file = "greenlet-1.1.2-cp38-cp38-musllinux_1_1_x86_64.whl", hash = "sha256:2bde6792f313f4e918caabc46532aa64aa27a0db05d75b20edfc5c6f46479de2"},
    {file = "greenlet-1.1.2-cp38-cp38-win32.whl", hash = "sha256:288c6a76705dc54fba69fbcb59904ae4ad768b4c768839b8ca5fdadec6dd8cfd"},
    {file = "greenlet-1.1.2-cp38-cp38-win_amd64.whl", hash = "sha256:8d2f1fb53a421b410751887eb4ff21386d119ef9cde3797bf5e7ed49fb51a3b3"},
    {file = "greenlet-1.1.2-cp39-cp39-macosx_10_14_x86_64.whl", hash = "sha256:166eac03e48784a6a6e0e5f041cfebb1ab400b394db188c48b3a84737f505b67"},
    {file = "greenlet-1.1.2-cp39-cp39-manylinux1_x86_64.whl", hash = "sha256:572e1787d1460da79590bf44304abbc0a2da944ea64ec549188fa84d89bba7ab"},
    {file = "greenlet-1.1.2-cp39-cp39-manylinux2010_x86_64.whl", hash = "sha256:be5f425ff1f5f4b3c1e33ad64ab994eed12fc284a6ea71c5243fd564502ecbe5"},
    {file = "greenlet-1.1.2-cp39-cp39-manylinux_2_17_aarch64.manylinux2014_aarch64.whl", hash = "sha256:b1692f7d6bc45e3200844be0dba153612103db241691088626a33ff1f24a0d88"},
    {file = "greenlet-1.1.2-cp39-cp39-manylinux_2_17_ppc64le.manylinux2014_ppc64le.whl", hash = "sha256:7227b47e73dedaa513cdebb98469705ef0d66eb5a1250144468e9c3097d6b59b"},
    {file = "greenlet-1.1.2-cp39-cp39-manylinux_2_17_x86_64.manylinux2014_x86_64.whl", hash = "sha256:7ff61ff178250f9bb3cd89752df0f1dd0e27316a8bd1465351652b1b4a4cdfd3"},
    {file = "greenlet-1.1.2-cp39-cp39-musllinux_1_1_x86_64.whl", hash = "sha256:0051c6f1f27cb756ffc0ffbac7d2cd48cb0362ac1736871399a739b2885134d3"},
    {file = "greenlet-1.1.2-cp39-cp39-win32.whl", hash = "sha256:f70a9e237bb792c7cc7e44c531fd48f5897961701cdaa06cf22fc14965c496cf"},
    {file = "greenlet-1.1.2-cp39-cp39-win_amd64.whl", hash = "sha256:013d61294b6cd8fe3242932c1c5e36e5d1db2c8afb58606c5a67efce62c1f5fd"},
    {file = "greenlet-1.1.2.tar.gz", hash = "sha256:e30f5ea4ae2346e62cedde8794a56858a67b878dd79f7df76a0767e356b1744a"},
]
loguru = [
    {file = "loguru-0.6.0-py3-none-any.whl", hash = "sha256:4e2414d534a2ab57573365b3e6d0234dfb1d84b68b7f3b948e6fb743860a77c3"},
    {file = "loguru-0.6.0.tar.gz", hash = "sha256:066bd06758d0a513e9836fd9c6b5a75bfb3fd36841f4b996bc60b547a309d41c"},
]
more-itertools = [
    {file = "more-itertools-8.12.0.tar.gz", hash = "sha256:7dc6ad46f05f545f900dd59e8dfb4e84a4827b97b3cfecb175ea0c7d247f6064"},
    {file = "more_itertools-8.12.0-py3-none-any.whl", hash = "sha256:43e6dd9942dffd72661a2c4ef383ad7da1e6a3e968a927ad7a6083ab410a688b"},
]
msgpack = [
    {file = "msgpack-1.0.3-cp310-cp310-macosx_10_9_universal2.whl", hash = "sha256:96acc674bb9c9be63fa8b6dabc3248fdc575c4adc005c440ad02f87ca7edd079"},
    {file = "msgpack-1.0.3-cp310-cp310-macosx_10_9_x86_64.whl", hash = "sha256:2c3ca57c96c8e69c1a0d2926a6acf2d9a522b41dc4253a8945c4c6cd4981a4e3"},
    {file = "msgpack-1.0.3-cp310-cp310-manylinux_2_17_aarch64.manylinux2014_aarch64.whl", hash = "sha256:b0a792c091bac433dfe0a70ac17fc2087d4595ab835b47b89defc8bbabcf5c73"},
    {file = "msgpack-1.0.3-cp310-cp310-manylinux_2_17_x86_64.manylinux2014_x86_64.whl", hash = "sha256:1c58cdec1cb5fcea8c2f1771d7b5fec79307d056874f746690bd2bdd609ab147"},
    {file = "msgpack-1.0.3-cp310-cp310-manylinux_2_5_i686.manylinux1_i686.manylinux_2_17_i686.manylinux2014_i686.whl", hash = "sha256:2f97c0f35b3b096a330bb4a1a9247d0bd7e1f3a2eba7ab69795501504b1c2c39"},
    {file = "msgpack-1.0.3-cp310-cp310-win32.whl", hash = "sha256:36a64a10b16c2ab31dcd5f32d9787ed41fe68ab23dd66957ca2826c7f10d0b85"},
    {file = "msgpack-1.0.3-cp310-cp310-win_amd64.whl", hash = "sha256:c1ba333b4024c17c7591f0f372e2daa3c31db495a9b2af3cf664aef3c14354f7"},
    {file = "msgpack-1.0.3-cp36-cp36m-macosx_10_9_x86_64.whl", hash = "sha256:c2140cf7a3ec475ef0938edb6eb363fa704159e0bf71dde15d953bacc1cf9d7d"},
    {file = "msgpack-1.0.3-cp36-cp36m-manylinux_2_17_aarch64.manylinux2014_aarch64.whl", hash = "sha256:6f4c22717c74d44bcd7af353024ce71c6b55346dad5e2cc1ddc17ce8c4507c6b"},
    {file = "msgpack-1.0.3-cp36-cp36m-manylinux_2_17_x86_64.manylinux2014_x86_64.whl", hash = "sha256:47d733a15ade190540c703de209ffbc42a3367600421b62ac0c09fde594da6ec"},
    {file = "msgpack-1.0.3-cp36-cp36m-manylinux_2_5_i686.manylinux1_i686.manylinux_2_17_i686.manylinux2014_i686.whl", hash = "sha256:c7e03b06f2982aa98d4ddd082a210c3db200471da523f9ac197f2828e80e7770"},
    {file = "msgpack-1.0.3-cp36-cp36m-win32.whl", hash = "sha256:3d875631ecab42f65f9dce6f55ce6d736696ced240f2634633188de2f5f21af9"},
    {file = "msgpack-1.0.3-cp36-cp36m-win_amd64.whl", hash = "sha256:40fb89b4625d12d6027a19f4df18a4de5c64f6f3314325049f219683e07e678a"},
    {file = "msgpack-1.0.3-cp37-cp37m-macosx_10_9_x86_64.whl", hash = "sha256:6eef0cf8db3857b2b556213d97dd82de76e28a6524853a9beb3264983391dc1a"},
    {file = "msgpack-1.0.3-cp37-cp37m-manylinux_2_17_aarch64.manylinux2014_aarch64.whl", hash = "sha256:0d8c332f53ffff01953ad25131272506500b14750c1d0ce8614b17d098252fbc"},
    {file = "msgpack-1.0.3-cp37-cp37m-manylinux_2_17_x86_64.manylinux2014_x86_64.whl", hash = "sha256:9c0903bd93cbd34653dd63bbfcb99d7539c372795201f39d16fdfde4418de43a"},
    {file = "msgpack-1.0.3-cp37-cp37m-manylinux_2_5_i686.manylinux1_i686.manylinux_2_17_i686.manylinux2014_i686.whl", hash = "sha256:bf1e6bfed4860d72106f4e0a1ab519546982b45689937b40257cfd820650b920"},
    {file = "msgpack-1.0.3-cp37-cp37m-win32.whl", hash = "sha256:d02cea2252abc3756b2ac31f781f7a98e89ff9759b2e7450a1c7a0d13302ff50"},
    {file = "msgpack-1.0.3-cp37-cp37m-win_amd64.whl", hash = "sha256:2f30dd0dc4dfe6231ad253b6f9f7128ac3202ae49edd3f10d311adc358772dba"},
    {file = "msgpack-1.0.3-cp38-cp38-macosx_10_9_universal2.whl", hash = "sha256:f201d34dc89342fabb2a10ed7c9a9aaaed9b7af0f16a5923f1ae562b31258dea"},
    {file = "msgpack-1.0.3-cp38-cp38-macosx_10_9_x86_64.whl", hash = "sha256:bb87f23ae7d14b7b3c21009c4b1705ec107cb21ee71975992f6aca571fb4a42a"},
    {file = "msgpack-1.0.3-cp38-cp38-manylinux_2_17_aarch64.manylinux2014_aarch64.whl", hash = "sha256:8a3a5c4b16e9d0edb823fe54b59b5660cc8d4782d7bf2c214cb4b91a1940a8ef"},
    {file = "msgpack-1.0.3-cp38-cp38-manylinux_2_17_x86_64.manylinux2014_x86_64.whl", hash = "sha256:f74da1e5fcf20ade12c6bf1baa17a2dc3604958922de8dc83cbe3eff22e8b611"},
    {file = "msgpack-1.0.3-cp38-cp38-manylinux_2_5_i686.manylinux1_i686.manylinux_2_17_i686.manylinux2014_i686.whl", hash = "sha256:73a80bd6eb6bcb338c1ec0da273f87420829c266379c8c82fa14c23fb586cfa1"},
    {file = "msgpack-1.0.3-cp38-cp38-win32.whl", hash = "sha256:9fce00156e79af37bb6db4e7587b30d11e7ac6a02cb5bac387f023808cd7d7f4"},
    {file = "msgpack-1.0.3-cp38-cp38-win_amd64.whl", hash = "sha256:9b6f2d714c506e79cbead331de9aae6837c8dd36190d02da74cb409b36162e8a"},
    {file = "msgpack-1.0.3-cp39-cp39-macosx_10_9_universal2.whl", hash = "sha256:89908aea5f46ee1474cc37fbc146677f8529ac99201bc2faf4ef8edc023c2bf3"},
    {file = "msgpack-1.0.3-cp39-cp39-macosx_10_9_x86_64.whl", hash = "sha256:973ad69fd7e31159eae8f580f3f707b718b61141838321c6fa4d891c4a2cca52"},
    {file = "msgpack-1.0.3-cp39-cp39-manylinux_2_17_aarch64.manylinux2014_aarch64.whl", hash = "sha256:da24375ab4c50e5b7486c115a3198d207954fe10aaa5708f7b65105df09109b2"},
    {file = "msgpack-1.0.3-cp39-cp39-manylinux_2_17_x86_64.manylinux2014_x86_64.whl", hash = "sha256:a598d0685e4ae07a0672b59792d2cc767d09d7a7f39fd9bd37ff84e060b1a996"},
    {file = "msgpack-1.0.3-cp39-cp39-manylinux_2_5_i686.manylinux1_i686.manylinux_2_17_i686.manylinux2014_i686.whl", hash = "sha256:e4c309a68cb5d6bbd0c50d5c71a25ae81f268c2dc675c6f4ea8ab2feec2ac4e2"},
    {file = "msgpack-1.0.3-cp39-cp39-win32.whl", hash = "sha256:494471d65b25a8751d19c83f1a482fd411d7ca7a3b9e17d25980a74075ba0e88"},
    {file = "msgpack-1.0.3-cp39-cp39-win_amd64.whl", hash = "sha256:f01b26c2290cbd74316990ba84a14ac3d599af9cebefc543d241a66e785cf17d"},
    {file = "msgpack-1.0.3.tar.gz", hash = "sha256:51fdc7fb93615286428ee7758cecc2f374d5ff363bdd884c7ea622a7a327a81e"},
]
packaging = [
    {file = "packaging-21.3-py3-none-any.whl", hash = "sha256:ef103e05f519cdc783ae24ea4e2e0f508a9c99b2d4969652eed6a2e1ea5bd522"},
    {file = "packaging-21.3.tar.gz", hash = "sha256:dd47c42927d89ab911e606518907cc2d3a1f38bbd026385970643f9c5b8ecfeb"},
]
persist-queue = [
    {file = "persist-queue-0.7.0.tar.gz", hash = "sha256:e85452d204536fdfc707a72290008dca376b636088a9d5de5eab52cdfde06142"},
    {file = "persist_queue-0.7.0-py2.py3-none-any.whl", hash = "sha256:2571f1c235daf5ebda7bd826de010cc1a867fc14ae6c223f86199f3a0c96c09c"},
]
playwright = [
    {file = "playwright-1.20.1-py3-none-macosx_10_13_x86_64.whl", hash = "sha256:7c9422d7d654123cb988fadde0cd46a2eeaaa7e1ce6ac6587aabb0a27b52e17c"},
    {file = "playwright-1.20.1-py3-none-macosx_11_0_arm64.whl", hash = "sha256:5c2735cba76ef992ea5129eead9da315e45f2a40858fb43dabd1b80fb0fa6749"},
    {file = "playwright-1.20.1-py3-none-macosx_11_0_universal2.whl", hash = "sha256:220a84b0f35639a9d017d3e82df2e5590b4ad89c93b9d74dbfa90d0d690516fe"},
    {file = "playwright-1.20.1-py3-none-manylinux1_x86_64.whl", hash = "sha256:0af0632e201fb4327ea7bfc5bf12ad18afd3468b1ee76ca163145bc96ea42be7"},
    {file = "playwright-1.20.1-py3-none-manylinux_2_17_aarch64.manylinux2014_aarch64.whl", hash = "sha256:a5ba030f5382a5fa2901173fed5e821fc2c8452810b123c2bf0dfa43251544a8"},
    {file = "playwright-1.20.1-py3-none-win32.whl", hash = "sha256:4d093488729768b3bf288b5959eb2ad6d5603be5e39a59be1d014e7b2703e90a"},
    {file = "playwright-1.20.1-py3-none-win_amd64.whl", hash = "sha256:fac22d79d9f3af9a0fdededaae5a95c652ac98ffc7f4afb042c7a6b0f854337e"},
]
pluggy = [
    {file = "pluggy-0.13.1-py2.py3-none-any.whl", hash = "sha256:966c145cd83c96502c3c3868f50408687b38434af77734af1e9ca461a4081d2d"},
    {file = "pluggy-0.13.1.tar.gz", hash = "sha256:15b2acde666561e1298d71b523007ed7364de07029219b604cf808bfa1c765b0"},
]
py = [
    {file = "py-1.11.0-py2.py3-none-any.whl", hash = "sha256:607c53218732647dff4acdfcd50cb62615cedf612e72d1724fb1a0cc6405b378"},
    {file = "py-1.11.0.tar.gz", hash = "sha256:51c75c4126074b472f746a24399ad32f6053d1b34b68d2fa41e558e6f4a98719"},
]
pyee = [
    {file = "pyee-8.1.0-py2.py3-none-any.whl", hash = "sha256:383973b63ad7ed5e3c0311f8b179c52981f9e7b3eaea0e9a830d13ec34dde65f"},
    {file = "pyee-8.1.0.tar.gz", hash = "sha256:92dacc5bd2bdb8f95aa8dd2585d47ca1c4840e2adb95ccf90034d64f725bfd31"},
]
pyparsing = [
    {file = "pyparsing-3.0.7-py3-none-any.whl", hash = "sha256:a6c06a88f252e6c322f65faf8f418b16213b51bdfaece0524c1c1bc30c63c484"},
    {file = "pyparsing-3.0.7.tar.gz", hash = "sha256:18ee9022775d270c55187733956460083db60b37d0d0fb357445f3094eed3eea"},
]
pytest = [
    {file = "pytest-5.4.3-py3-none-any.whl", hash = "sha256:5c0db86b698e8f170ba4582a492248919255fcd4c79b1ee64ace34301fb589a1"},
    {file = "pytest-5.4.3.tar.gz", hash = "sha256:7979331bfcba207414f5e1263b5a0f8f521d0f457318836a7355531ed1a4c7d8"},
]
shortuuid = [
    {file = "shortuuid-1.0.8-py3-none-any.whl", hash = "sha256:44a7a86bcf24dbaba2e626cf80c779926b7c3a0d31a3a013e0d3cd1077707d23"},
    {file = "shortuuid-1.0.8.tar.gz", hash = "sha256:9435e87e5a64f3b92f7110c81f989a3b7bdb9358e22d2359829167da476cfc23"},
]
typer = [
    {file = "typer-0.4.0-py3-none-any.whl", hash = "sha256:d81169725140423d072df464cad1ff25ee154ef381aaf5b8225352ea187ca338"},
    {file = "typer-0.4.0.tar.gz", hash = "sha256:63c3aeab0549750ffe40da79a1b524f60e08a2cbc3126c520ebf2eeaf507f5dd"},
]
wcwidth = [
    {file = "wcwidth-0.2.5-py2.py3-none-any.whl", hash = "sha256:beb4802a9cebb9144e99086eff703a642a13d6a0052920003a230f3294bbe784"},
    {file = "wcwidth-0.2.5.tar.gz", hash = "sha256:c4d647b99872929fdb7bdcaa4fbe7f01413ed3d98077df798530e5b04f116c83"},
]
websockets = [
    {file = "websockets-10.1-cp310-cp310-macosx_10_9_universal2.whl", hash = "sha256:38db6e2163b021642d0a43200ee2dec8f4980bdbda96db54fde72b283b54cbfc"},
    {file = "websockets-10.1-cp310-cp310-macosx_10_9_x86_64.whl", hash = "sha256:e1b60fd297adb9fc78375778a5220da7f07bf54d2a33ac781319650413fc6a60"},
    {file = "websockets-10.1-cp310-cp310-macosx_11_0_arm64.whl", hash = "sha256:3477146d1f87ead8df0f27e8960249f5248dceb7c2741e8bbec9aa5338d0c053"},
    {file = "websockets-10.1-cp310-cp310-manylinux_2_17_aarch64.manylinux2014_aarch64.whl", hash = "sha256:bb01ea7b5f52e7125bdc3c5807aeaa2d08a0553979cf2d96a8b7803ea33e15e7"},
    {file = "websockets-10.1-cp310-cp310-manylinux_2_5_i686.manylinux1_i686.manylinux_2_12_i686.manylinux2010_i686.whl", hash = "sha256:9fd62c6dc83d5d35fb6a84ff82ec69df8f4657fff05f9cd6c7d9bec0dd57f0f6"},
    {file = "websockets-10.1-cp310-cp310-manylinux_2_5_x86_64.manylinux1_x86_64.manylinux_2_12_x86_64.manylinux2010_x86_64.whl", hash = "sha256:3bbf080f3892ba1dc8838786ec02899516a9d227abe14a80ef6fd17d4fb57127"},
    {file = "websockets-10.1-cp310-cp310-musllinux_1_1_aarch64.whl", hash = "sha256:5560558b0dace8312c46aa8915da977db02738ac8ecffbc61acfbfe103e10155"},
    {file = "websockets-10.1-cp310-cp310-musllinux_1_1_i686.whl", hash = "sha256:667c41351a6d8a34b53857ceb8343a45c85d438ee4fd835c279591db8aeb85be"},
    {file = "websockets-10.1-cp310-cp310-musllinux_1_1_x86_64.whl", hash = "sha256:468f0031fdbf4d643f89403a66383247eb82803430b14fa27ce2d44d2662ca37"},
    {file = "websockets-10.1-cp310-cp310-win32.whl", hash = "sha256:d0d81b46a5c87d443e40ce2272436da8e6092aa91f5fbeb60d1be9f11eff5b4c"},
    {file = "websockets-10.1-cp310-cp310-win_amd64.whl", hash = "sha256:b68b6caecb9a0c6db537aa79750d1b592a841e4f1a380c6196091e65b2ad35f9"},
    {file = "websockets-10.1-cp37-cp37m-macosx_10_9_x86_64.whl", hash = "sha256:a249139abc62ef333e9e85064c27fefb113b16ffc5686cefc315bdaef3eefbc8"},
    {file = "websockets-10.1-cp37-cp37m-manylinux_2_17_aarch64.manylinux2014_aarch64.whl", hash = "sha256:8877861e3dee38c8d302eee0d5dbefa6663de3b46dc6a888f70cd7e82562d1f7"},
    {file = "websockets-10.1-cp37-cp37m-manylinux_2_5_i686.manylinux1_i686.manylinux_2_12_i686.manylinux2010_i686.whl", hash = "sha256:e3872ae57acd4306ecf937d36177854e218e999af410a05c17168cd99676c512"},
    {file = "websockets-10.1-cp37-cp37m-manylinux_2_5_x86_64.manylinux1_x86_64.manylinux_2_12_x86_64.manylinux2010_x86_64.whl", hash = "sha256:b66e6d514f12c28d7a2d80bb2a48ef223342e99c449782d9831b0d29a9e88a17"},
    {file = "websockets-10.1-cp37-cp37m-musllinux_1_1_aarch64.whl", hash = "sha256:9f304a22ece735a3da8a51309bc2c010e23961a8f675fae46fdf62541ed62123"},
    {file = "websockets-10.1-cp37-cp37m-musllinux_1_1_i686.whl", hash = "sha256:189ed478395967d6a98bb293abf04e8815349e17456a0a15511f1088b6cb26e4"},
    {file = "websockets-10.1-cp37-cp37m-musllinux_1_1_x86_64.whl", hash = "sha256:08a42856158307e231b199671c4fce52df5786dd3d703f36b5d8ac76b206c485"},
    {file = "websockets-10.1-cp37-cp37m-win32.whl", hash = "sha256:3ef6f73854cded34e78390dbdf40dfdcf0b89b55c0e282468ef92646fce8d13a"},
    {file = "websockets-10.1-cp37-cp37m-win_amd64.whl", hash = "sha256:89e985d40d407545d5f5e2e58e1fdf19a22bd2d8cd54d20a882e29f97e930a0a"},
    {file = "websockets-10.1-cp38-cp38-macosx_10_9_universal2.whl", hash = "sha256:002071169d2e44ce8eb9e5ebac9fbce142ba4b5146eef1cfb16b177a27662657"},
    {file = "websockets-10.1-cp38-cp38-macosx_10_9_x86_64.whl", hash = "sha256:cfae282c2aa7f0c4be45df65c248481f3509f8c40ca8b15ed96c35668ae0ff69"},
    {file = "websockets-10.1-cp38-cp38-macosx_11_0_arm64.whl", hash = "sha256:97b4b68a2ddaf5c4707ae79c110bfd874c5be3c6ac49261160fb243fa45d8bbb"},
    {file = "websockets-10.1-cp38-cp38-manylinux_2_17_aarch64.manylinux2014_aarch64.whl", hash = "sha256:7c9407719f42cb77049975410490c58a705da6af541adb64716573e550e5c9db"},
    {file = "websockets-10.1-cp38-cp38-manylinux_2_5_i686.manylinux1_i686.manylinux_2_12_i686.manylinux2010_i686.whl", hash = "sha256:1d858fb31e5ac992a2cdf17e874c95f8a5b1e917e1fb6b45ad85da30734b223f"},
    {file = "websockets-10.1-cp38-cp38-manylinux_2_5_x86_64.manylinux1_x86_64.manylinux_2_12_x86_64.manylinux2010_x86_64.whl", hash = "sha256:7bdd3d26315db0a9cf8a0af30ca95e0aa342eda9c1377b722e71ccd86bc5d1dd"},
    {file = "websockets-10.1-cp38-cp38-musllinux_1_1_aarch64.whl", hash = "sha256:e259be0863770cb91b1a6ccf6907f1ac2f07eff0b7f01c249ed751865a70cb0d"},
    {file = "websockets-10.1-cp38-cp38-musllinux_1_1_i686.whl", hash = "sha256:6b014875fae19577a392372075e937ebfebf53fd57f613df07b35ab210f31534"},
    {file = "websockets-10.1-cp38-cp38-musllinux_1_1_x86_64.whl", hash = "sha256:98de71f86bdb29430fd7ba9997f47a6b10866800e3ea577598a786a785701bb0"},
    {file = "websockets-10.1-cp38-cp38-win32.whl", hash = "sha256:3a02ab91d84d9056a9ee833c254895421a6333d7ae7fff94b5c68e4fa8095519"},
    {file = "websockets-10.1-cp38-cp38-win_amd64.whl", hash = "sha256:7d6673b2753f9c5377868a53445d0c321ef41ff3c8e3b6d57868e72054bfce5f"},
    {file = "websockets-10.1-cp39-cp39-macosx_10_9_universal2.whl", hash = "sha256:ddab2dc69ee5ae27c74dbfe9d7bb6fee260826c136dca257faa1a41d1db61a89"},
    {file = "websockets-10.1-cp39-cp39-macosx_10_9_x86_64.whl", hash = "sha256:14e9cf68a08d1a5d42109549201aefba473b1d925d233ae19035c876dd845da9"},
    {file = "websockets-10.1-cp39-cp39-macosx_11_0_arm64.whl", hash = "sha256:e4819c6fb4f336fd5388372cb556b1f3a165f3f68e66913d1a2fc1de55dc6f58"},
    {file = "websockets-10.1-cp39-cp39-manylinux_2_17_aarch64.manylinux2014_aarch64.whl", hash = "sha256:05e7f098c76b0a4743716590bb8f9706de19f1ef5148d61d0cf76495ec3edb9c"},
    {file = "websockets-10.1-cp39-cp39-manylinux_2_5_i686.manylinux1_i686.manylinux_2_12_i686.manylinux2010_i686.whl", hash = "sha256:5bb6256de5a4fb1d42b3747b4e2268706c92965d75d0425be97186615bf2f24f"},
    {file = "websockets-10.1-cp39-cp39-manylinux_2_5_x86_64.manylinux1_x86_64.manylinux_2_12_x86_64.manylinux2010_x86_64.whl", hash = "sha256:888a5fa2a677e0c2b944f9826c756475980f1b276b6302e606f5c4ff5635be9e"},
    {file = "websockets-10.1-cp39-cp39-musllinux_1_1_aarch64.whl", hash = "sha256:6fdec1a0b3e5630c58e3d8704d2011c678929fce90b40908c97dfc47de8dca72"},
    {file = "websockets-10.1-cp39-cp39-musllinux_1_1_i686.whl", hash = "sha256:531d8eb013a9bc6b3ad101588182aa9b6dd994b190c56df07f0d84a02b85d530"},
    {file = "websockets-10.1-cp39-cp39-musllinux_1_1_x86_64.whl", hash = "sha256:0d93b7cadc761347d98da12ec1930b5c71b2096f1ceed213973e3cda23fead9c"},
    {file = "websockets-10.1-cp39-cp39-win32.whl", hash = "sha256:d9b245db5a7e64c95816e27d72830e51411c4609c05673d1ae81eb5d23b0be54"},
    {file = "websockets-10.1-cp39-cp39-win_amd64.whl", hash = "sha256:882c0b8bdff3bf1bd7f024ce17c6b8006042ec4cceba95cf15df57e57efa471c"},
    {file = "websockets-10.1-pp37-pypy37_pp73-macosx_10_9_x86_64.whl", hash = "sha256:10edd9d7d3581cfb9ff544ac09fc98cab7ee8f26778a5a8b2d5fd4b0684c5ba5"},
    {file = "websockets-10.1-pp37-pypy37_pp73-manylinux_2_17_aarch64.manylinux2014_aarch64.whl", hash = "sha256:baa83174390c0ff4fc1304fbe24393843ac7a08fdd59295759c4b439e06b1536"},
    {file = "websockets-10.1-pp37-pypy37_pp73-manylinux_2_5_i686.manylinux1_i686.manylinux_2_12_i686.manylinux2010_i686.whl", hash = "sha256:483edee5abed738a0b6a908025be47f33634c2ad8e737edd03ffa895bd600909"},
    {file = "websockets-10.1-pp37-pypy37_pp73-manylinux_2_5_x86_64.manylinux1_x86_64.manylinux_2_12_x86_64.manylinux2010_x86_64.whl", hash = "sha256:816ae7dac2c6522cfa620947ead0ca95ac654916eebf515c94d7c28de5601a6e"},
    {file = "websockets-10.1-pp37-pypy37_pp73-win_amd64.whl", hash = "sha256:1dafe98698ece09b8ccba81b910643ff37198e43521d977be76caf37709cf62b"},
    {file = "websockets-10.1.tar.gz", hash = "sha256:181d2b25de5a437b36aefedaf006ecb6fa3aa1328ec0236cdde15f32f9d3ff6d"},
]
win32-setctime = [
    {file = "win32_setctime-1.1.0-py3-none-any.whl", hash = "sha256:231db239e959c2fe7eb1d7dc129f11172354f98361c4fa2d6d2d7e278baa8aad"},
    {file = "win32_setctime-1.1.0.tar.gz", hash = "sha256:15cf5750465118d6929ae4de4eb46e8edae9a5634350c01ba582df868e932cb2"},
]
